{
  "name": "examples",
  "version": "1.0.0",
  "lockfileVersion": 3,
  "requires": true,
  "packages": {
    "": {
      "name": "examples",
      "version": "1.0.0",
      "license": "MIT",
      "devDependencies": {
        "@jtarchie/ci": "file:../packages/ci"
      }
    },
    "../packages/ci": {
      "name": "@jtarchie/ci",
      "version": "1.0.0",
      "dev": true,
      "license": "MIT",
      "devDependencies": {
        "typescript": "^5.7.3"
      }
    },
    "node_modules/@jtarchie/ci": {
      "resolved": "../packages/ci",
      "link": true
    }
  }
}
